// !$*UTF8*$!
{
	archiveVersion = 1;
	classes = {
	};
	objectVersion = 56;
	objects = {

/* Begin PBXBuildFile section */
		127AF8272ADA814400CC385D /* AppDelegate.swift in Sources */ = {isa = PBXBuildFile; fileRef = 127AF8262ADA814400CC385D /* AppDelegate.swift */; };
		127AF8292ADA814400CC385D /* SceneDelegate.swift in Sources */ = {isa = PBXBuildFile; fileRef = 127AF8282ADA814400CC385D /* SceneDelegate.swift */; };
		127AF82B2ADA814400CC385D /* ViewController.swift in Sources */ = {isa = PBXBuildFile; fileRef = 127AF82A2ADA814400CC385D /* ViewController.swift */; };
		127AF82E2ADA814400CC385D /* Main.storyboard in Resources */ = {isa = PBXBuildFile; fileRef = 127AF82C2ADA814400CC385D /* Main.storyboard */; };
		127AF8302ADA814500CC385D /* Assets.xcassets in Resources */ = {isa = PBXBuildFile; fileRef = 127AF82F2ADA814500CC385D /* Assets.xcassets */; };
		127AF8332ADA814500CC385D /* LaunchScreen.storyboard in Resources */ = {isa = PBXBuildFile; fileRef = 127AF8312ADA814500CC385D /* LaunchScreen.storyboard */; };
		127AF83E2ADA814500CC385D /* helloTests.swift in Sources */ = {isa = PBXBuildFile; fileRef = 127AF83D2ADA814500CC385D /* helloTests.swift */; };
		127AF8482ADA814500CC385D /* helloUITests.swift in Sources */ = {isa = PBXBuildFile; fileRef = 127AF8472ADA814500CC385D /* helloUITests.swift */; };
		127AF84A2ADA814500CC385D /* helloUITestsLaunchTests.swift in Sources */ = {isa = PBXBuildFile; fileRef = 127AF8492ADA814500CC385D /* helloUITestsLaunchTests.swift */; };
/* End PBXBuildFile section */

/* Begin PBXContainerItemProxy section */
		127AF83A2ADA814500CC385D /* PBXContainerItemProxy */ = {
			isa = PBXContainerItemProxy;
			containerPortal = 127AF81B2ADA814400CC385D /* Project object */;
			proxyType = 1;
			remoteGlobalIDString = 127AF8222ADA814400CC385D;
			remoteInfo = hello;
		};
		127AF8442ADA814500CC385D /* PBXContainerItemProxy */ = {
			isa = PBXContainerItemProxy;
			containerPortal = 127AF81B2ADA814400CC385D /* Project object */;
			proxyType = 1;
			remoteGlobalIDString = 127AF8222ADA814400CC385D;
			remoteInfo = hello;
		};
/* End PBXContainerItemProxy section */

/* Begin PBXFileReference section */
		127AF8232ADA814400CC385D /* hello.app */ = {isa = PBXFileReference; explicitFileType = wrapper.application; includeInIndex = 0; path = hello.app; sourceTree = BUILT_PRODUCTS_DIR; };
		127AF8262ADA814400CC385D /* AppDelegate.swift */ = {isa = PBXFileReference; lastKnownFileType = sourcecode.swift; path = AppDelegate.swift; sourceTree = "<group>"; };
		127AF8282ADA814400CC385D /* SceneDelegate.swift */ = {isa = PBXFileReference; lastKnownFileType = sourcecode.swift; path = SceneDelegate.swift; sourceTree = "<group>"; };
		127AF82A2ADA814400CC385D /* ViewController.swift */ = {isa = PBXFileReference; lastKnownFileType = sourcecode.swift; path = ViewController.swift; sourceTree = "<group>"; };
		127AF82D2ADA814400CC385D /* Base */ = {isa = PBXFileReference; lastKnownFileType = file.storyboard; name = Base; path = Base.lproj/Main.storyboard; sourceTree = "<group>"; };
		127AF82F2ADA814500CC385D /* Assets.xcassets */ = {isa = PBXFileReference; lastKnownFileType = folder.assetcatalog; path = Assets.xcassets; sourceTree = "<group>"; };
		127AF8322ADA814500CC385D /* Base */ = {isa = PBXFileReference; lastKnownFileType = file.storyboard; name = Base; path = Base.lproj/LaunchScreen.storyboard; sourceTree = "<group>"; };
		127AF8342ADA814500CC385D /* Info.plist */ = {isa = PBXFileReference; lastKnownFileType = text.plist.xml; path = Info.plist; sourceTree = "<group>"; };
		127AF8392ADA814500CC385D /* helloTests.xctest */ = {isa = PBXFileReference; explicitFileType = wrapper.cfbundle; includeInIndex = 0; path = helloTests.xctest; sourceTree = BUILT_PRODUCTS_DIR; };
		127AF83D2ADA814500CC385D /* helloTests.swift */ = {isa = PBXFileReference; lastKnownFileType = sourcecode.swift; path = helloTests.swift; sourceTree = "<group>"; };
		127AF8432ADA814500CC385D /* helloUITests.xctest */ = {isa = PBXFileReference; explicitFileType = wrapper.cfbundle; includeInIndex = 0; path = helloUITests.xctest; sourceTree = BUILT_PRODUCTS_DIR; };
		127AF8472ADA814500CC385D /* helloUITests.swift */ = {isa = PBXFileReference; lastKnownFileType = sourcecode.swift; path = helloUITests.swift; sourceTree = "<group>"; };
		127AF8492ADA814500CC385D /* helloUITestsLaunchTests.swift */ = {isa = PBXFileReference; lastKnownFileType = sourcecode.swift; path = helloUITestsLaunchTests.swift; sourceTree = "<group>"; };
/* End PBXFileReference section */

/* Begin PBXFrameworksBuildPhase section */
		127AF8202ADA814400CC385D /* Frameworks */ = {
			isa = PBXFrameworksBuildPhase;
			buildActionMask = 2147483647;
			files = (
			);
			runOnlyForDeploymentPostprocessing = 0;
		};
		127AF8362ADA814500CC385D /* Frameworks */ = {
			isa = PBXFrameworksBuildPhase;
			buildActionMask = 2147483647;
			files = (
			);
			runOnlyForDeploymentPostprocessing = 0;
		};
		127AF8402ADA814500CC385D /* Frameworks */ = {
			isa = PBXFrameworksBuildPhase;
			buildActionMask = 2147483647;
			files = (
			);
			runOnlyForDeploymentPostprocessing = 0;
		};
/* End PBXFrameworksBuildPhase section */

/* Begin PBXGroup section */
		127AF81A2ADA814400CC385D = {
			isa = PBXGroup;
			children = (
				127AF8252ADA814400CC385D /* hello */,
				127AF83C2ADA814500CC385D /* helloTests */,
				127AF8462ADA814500CC385D /* helloUITests */,
				127AF8242ADA814400CC385D /* Products */,
			);
			sourceTree = "<group>";
		};
		127AF8242ADA814400CC385D /* Products */ = {
			isa = PBXGroup;
			children = (
				127AF8232ADA814400CC385D /* hello.app */,
				127AF8392ADA814500CC385D /* helloTests.xctest */,
				127AF8432ADA814500CC385D /* helloUITests.xctest */,
			);
			name = Products;
			sourceTree = "<group>";
		};
		127AF8252ADA814400CC385D /* hello */ = {
			isa = PBXGroup;
			children = (
				127AF8262ADA814400CC385D /* AppDelegate.swift */,
				127AF8282ADA814400CC385D /* SceneDelegate.swift */,
				127AF82A2ADA814400CC385D /* ViewController.swift */,
				127AF82C2ADA814400CC385D /* Main.storyboard */,
				127AF82F2ADA814500CC385D /* Assets.xcassets */,
				127AF8312ADA814500CC385D /* LaunchScreen.storyboard */,
				127AF8342ADA814500CC385D /* Info.plist */,
			);
			path = hello;
			sourceTree = "<group>";
		};
		127AF83C2ADA814500CC385D /* helloTests */ = {
			isa = PBXGroup;
			children = (
				127AF83D2ADA814500CC385D /* helloTests.swift */,
			);
			path = helloTests;
			sourceTree = "<group>";
		};
		127AF8462ADA814500CC385D /* helloUITests */ = {
			isa = PBXGroup;
			children = (
				127AF8472ADA814500CC385D /* helloUITests.swift */,
				127AF8492ADA814500CC385D /* helloUITestsLaunchTests.swift */,
			);
			path = helloUITests;
			sourceTree = "<group>";
		};
/* End PBXGroup section */

/* Begin PBXNativeTarget section */
		127AF8222ADA814400CC385D /* hello */ = {
			isa = PBXNativeTarget;
			buildConfigurationList = 127AF84D2ADA814500CC385D /* Build configuration list for PBXNativeTarget "hello" */;
			buildPhases = (
				127AF81F2ADA814400CC385D /* Sources */,
				127AF8202ADA814400CC385D /* Frameworks */,
				127AF8212ADA814400CC385D /* Resources */,
			);
			buildRules = (
			);
			dependencies = (
			);
			name = hello;
			productName = hello;
			productReference = 127AF8232ADA814400CC385D /* hello.app */;
			productType = "com.apple.product-type.application";
		};
		127AF8382ADA814500CC385D /* helloTests */ = {
			isa = PBXNativeTarget;
			buildConfigurationList = 127AF8502ADA814500CC385D /* Build configuration list for PBXNativeTarget "helloTests" */;
			buildPhases = (
				127AF8352ADA814500CC385D /* Sources */,
				127AF8362ADA814500CC385D /* Frameworks */,
				127AF8372ADA814500CC385D /* Resources */,
			);
			buildRules = (
			);
			dependencies = (
				127AF83B2ADA814500CC385D /* PBXTargetDependency */,
			);
			name = helloTests;
			productName = helloTests;
			productReference = 127AF8392ADA814500CC385D /* helloTests.xctest */;
			productType = "com.apple.product-type.bundle.unit-test";
		};
		127AF8422ADA814500CC385D /* helloUITests */ = {
			isa = PBXNativeTarget;
			buildConfigurationList = 127AF8532ADA814500CC385D /* Build configuration list for PBXNativeTarget "helloUITests" */;
			buildPhases = (
				127AF83F2ADA814500CC385D /* Sources */,
				127AF8402ADA814500CC385D /* Frameworks */,
				127AF8412ADA814500CC385D /* Resources */,
			);
			buildRules = (
			);
			dependencies = (
				127AF8452ADA814500CC385D /* PBXTargetDependency */,
			);
			name = helloUITests;
			productName = helloUITests;
			productReference = 127AF8432ADA814500CC385D /* helloUITests.xctest */;
			productType = "com.apple.product-type.bundle.ui-testing";
		};
/* End PBXNativeTarget section */

/* Begin PBXProject section */
		127AF81B2ADA814400CC385D /* Project object */ = {
			isa = PBXProject;
			attributes = {
				BuildIndependentTargetsInParallel = 1;
				LastSwiftUpdateCheck = 1500;
				LastUpgradeCheck = 1500;
				TargetAttributes = {
					127AF8222ADA814400CC385D = {
						CreatedOnToolsVersion = 15.0;
					};
					127AF8382ADA814500CC385D = {
						CreatedOnToolsVersion = 15.0;
						TestTargetID = 127AF8222ADA814400CC385D;
					};
					127AF8422ADA814500CC385D = {
						CreatedOnToolsVersion = 15.0;
						TestTargetID = 127AF8222ADA814400CC385D;
					};
				};
			};
			buildConfigurationList = 127AF81E2ADA814400CC385D /* Build configuration list for PBXProject "hello" */;
			compatibilityVersion = "Xcode 14.0";
			developmentRegion = en;
			hasScannedForEncodings = 0;
			knownRegions = (
				en,
				Base,
			);
			mainGroup = 127AF81A2ADA814400CC385D;
			productRefGroup = 127AF8242ADA814400CC385D /* Products */;
			projectDirPath = "";
			projectRoot = "";
			targets = (
				127AF8222ADA814400CC385D /* hello */,
				127AF8382ADA814500CC385D /* helloTests */,
				127AF8422ADA814500CC385D /* helloUITests */,
			);
		};
/* End PBXProject section */

/* Begin PBXResourcesBuildPhase section */
		127AF8212ADA814400CC385D /* Resources */ = {
			isa = PBXResourcesBuildPhase;
			buildActionMask = 2147483647;
			files = (
				127AF8332ADA814500CC385D /* LaunchScreen.storyboard in Resources */,
				127AF8302ADA814500CC385D /* Assets.xcassets in Resources */,
				127AF82E2ADA814400CC385D /* Main.storyboard in Resources */,
			);
			runOnlyForDeploymentPostprocessing = 0;
		};
		127AF8372ADA814500CC385D /* Resources */ = {
			isa = PBXResourcesBuildPhase;
			buildActionMask = 2147483647;
			files = (
			);
			runOnlyForDeploymentPostprocessing = 0;
		};
		127AF8412ADA814500CC385D /* Resources */ = {
			isa = PBXResourcesBuildPhase;
			buildActionMask = 2147483647;
			files = (
			);
			runOnlyForDeploymentPostprocessing = 0;
		};
/* End PBXResourcesBuildPhase section */

/* Begin PBXSourcesBuildPhase section */
		127AF81F2ADA814400CC385D /* Sources */ = {
			isa = PBXSourcesBuildPhase;
			buildActionMask = 2147483647;
			files = (
				127AF82B2ADA814400CC385D /* ViewController.swift in Sources */,
				127AF8272ADA814400CC385D /* AppDelegate.swift in Sources */,
				127AF8292ADA814400CC385D /* SceneDelegate.swift in Sources */,
			);
			runOnlyForDeploymentPostprocessing = 0;
		};
		127AF8352ADA814500CC385D /* Sources */ = {
			isa = PBXSourcesBuildPhase;
			buildActionMask = 2147483647;
			files = (
				127AF83E2ADA814500CC385D /* helloTests.swift in Sources */,
			);
			runOnlyForDeploymentPostprocessing = 0;
		};
		127AF83F2ADA814500CC385D /* Sources */ = {
			isa = PBXSourcesBuildPhase;
			buildActionMask = 2147483647;
			files = (
				127AF8482ADA814500CC385D /* helloUITests.swift in Sources */,
				127AF84A2ADA814500CC385D /* helloUITestsLaunchTests.swift in Sources */,
			);
			runOnlyForDeploymentPostprocessing = 0;
		};
/* End PBXSourcesBuildPhase section */

/* Begin PBXTargetDependency section */
		127AF83B2ADA814500CC385D /* PBXTargetDependency */ = {
			isa = PBXTargetDependency;
			target = 127AF8222ADA814400CC385D /* hello */;
			targetProxy = 127AF83A2ADA814500CC385D /* PBXContainerItemProxy */;
		};
		127AF8452ADA814500CC385D /* PBXTargetDependency */ = {
			isa = PBXTargetDependency;
			target = 127AF8222ADA814400CC385D /* hello */;
			targetProxy = 127AF8442ADA814500CC385D /* PBXContainerItemProxy */;
		};
/* End PBXTargetDependency section */

/* Begin PBXVariantGroup section */
		127AF82C2ADA814400CC385D /* Main.storyboard */ = {
			isa = PBXVariantGroup;
			children = (
				127AF82D2ADA814400CC385D /* Base */,
			);
			name = Main.storyboard;
			sourceTree = "<group>";
		};
		127AF8312ADA814500CC385D /* LaunchScreen.storyboard */ = {
			isa = PBXVariantGroup;
			children = (
				127AF8322ADA814500CC385D /* Base */,
			);
			name = LaunchScreen.storyboard;
			sourceTree = "<group>";
		};
/* End PBXVariantGroup section */

/* Begin XCBuildConfiguration section */
		127AF84B2ADA814500CC385D /* Debug */ = {
			isa = XCBuildConfiguration;
			buildSettings = {
				ALWAYS_SEARCH_USER_PATHS = NO;
				ASSETCATALOG_COMPILER_GENERATE_SWIFT_ASSET_SYMBOL_EXTENSIONS = YES;
				CLANG_ANALYZER_NONNULL = YES;
				CLANG_ANALYZER_NUMBER_OBJECT_CONVERSION = YES_AGGRESSIVE;
				CLANG_CXX_LANGUAGE_STANDARD = "gnu++20";
				CLANG_ENABLE_MODULES = YES;
				CLANG_ENABLE_OBJC_ARC = YES;
				CLANG_ENABLE_OBJC_WEAK = YES;
				CLANG_WARN_BLOCK_CAPTURE_AUTORELEASING = YES;
				CLANG_WARN_BOOL_CONVERSION = YES;
				CLANG_WARN_COMMA = YES;
				CLANG_WARN_CONSTANT_CONVERSION = YES;
				CLANG_WARN_DEPRECATED_OBJC_IMPLEMENTATIONS = YES;
				CLANG_WARN_DIRECT_OBJC_ISA_USAGE = YES_ERROR;
				CLANG_WARN_DOCUMENTATION_COMMENTS = YES;
				CLANG_WARN_EMPTY_BODY = YES;
				CLANG_WARN_ENUM_CONVERSION = YES;
				CLANG_WARN_INFINITE_RECURSION = YES;
				CLANG_WARN_INT_CONVERSION = YES;
				CLANG_WARN_NON_LITERAL_NULL_CONVERSION = YES;
				CLANG_WARN_OBJC_IMPLICIT_RETAIN_SELF = YES;
				CLANG_WARN_OBJC_LITERAL_CONVERSION = YES;
				CLANG_WARN_OBJC_ROOT_CLASS = YES_ERROR;
				CLANG_WARN_QUOTED_INCLUDE_IN_FRAMEWORK_HEADER = YES;
				CLANG_WARN_RANGE_LOOP_ANALYSIS = YES;
				CLANG_WARN_STRICT_PROTOTYPES = YES;
				CLANG_WARN_SUSPICIOUS_MOVE = YES;
				CLANG_WARN_UNGUARDED_AVAILABILITY = YES_AGGRESSIVE;
				CLANG_WARN_UNREACHABLE_CODE = YES;
				CLANG_WARN__DUPLICATE_METHOD_MATCH = YES;
				COPY_PHASE_STRIP = NO;
				DEBUG_INFORMATION_FORMAT = dwarf;
				ENABLE_STRICT_OBJC_MSGSEND = YES;
				ENABLE_TESTABILITY = YES;
				ENABLE_USER_SCRIPT_SANDBOXING = YES;
				GCC_C_LANGUAGE_STANDARD = gnu17;
				GCC_DYNAMIC_NO_PIC = NO;
				GCC_NO_COMMON_BLOCKS = YES;
				GCC_OPTIMIZATION_LEVEL = 0;
				GCC_PREPROCESSOR_DEFINITIONS = (
					"DEBUG=1",
					"$(inherited)",
				);
				GCC_WARN_64_TO_32_BIT_CONVERSION = YES;
				GCC_WARN_ABOUT_RETURN_TYPE = YES_ERROR;
				GCC_WARN_UNDECLARED_SELECTOR = YES;
				GCC_WARN_UNINITIALIZED_AUTOS = YES_AGGRESSIVE;
				GCC_WARN_UNUSED_FUNCTION = YES;
				GCC_WARN_UNUSED_VARIABLE = YES;
				IPHONEOS_DEPLOYMENT_TARGET = 17.0;
				LOCALIZATION_PREFERS_STRING_CATALOGS = YES;
				MTL_ENABLE_DEBUG_INFO = INCLUDE_SOURCE;
				MTL_FAST_MATH = YES;
				ONLY_ACTIVE_ARCH = YES;
				SDKROOT = iphoneos;
				SWIFT_ACTIVE_COMPILATION_CONDITIONS = "DEBUG $(inherited)";
				SWIFT_OPTIMIZATION_LEVEL = "-Onone";
			};
			name = Debug;
		};
		127AF84C2ADA814500CC385D /* Release */ = {
			isa = XCBuildConfiguration;
			buildSettings = {
				ALWAYS_SEARCH_USER_PATHS = NO;
				ASSETCATALOG_COMPILER_GENERATE_SWIFT_ASSET_SYMBOL_EXTENSIONS = YES;
				CLANG_ANALYZER_NONNULL = YES;
				CLANG_ANALYZER_NUMBER_OBJECT_CONVERSION = YES_AGGRESSIVE;
				CLANG_CXX_LANGUAGE_STANDARD = "gnu++20";
				CLANG_ENABLE_MODULES = YES;
				CLANG_ENABLE_OBJC_ARC = YES;
				CLANG_ENABLE_OBJC_WEAK = YES;
				CLANG_WARN_BLOCK_CAPTURE_AUTORELEASING = YES;
				CLANG_WARN_BOOL_CONVERSION = YES;
				CLANG_WARN_COMMA = YES;
				CLANG_WARN_CONSTANT_CONVERSION = YES;
				CLANG_WARN_DEPRECATED_OBJC_IMPLEMENTATIONS = YES;
				CLANG_WARN_DIRECT_OBJC_ISA_USAGE = YES_ERROR;
				CLANG_WARN_DOCUMENTATION_COMMENTS = YES;
				CLANG_WARN_EMPTY_BODY = YES;
				CLANG_WARN_ENUM_CONVERSION = YES;
				CLANG_WARN_INFINITE_RECURSION = YES;
				CLANG_WARN_INT_CONVERSION = YES;
				CLANG_WARN_NON_LITERAL_NULL_CONVERSION = YES;
				CLANG_WARN_OBJC_IMPLICIT_RETAIN_SELF = YES;
				CLANG_WARN_OBJC_LITERAL_CONVERSION = YES;
				CLANG_WARN_OBJC_ROOT_CLASS = YES_ERROR;
				CLANG_WARN_QUOTED_INCLUDE_IN_FRAMEWORK_HEADER = YES;
				CLANG_WARN_RANGE_LOOP_ANALYSIS = YES;
				CLANG_WARN_STRICT_PROTOTYPES = YES;
				CLANG_WARN_SUSPICIOUS_MOVE = YES;
				CLANG_WARN_UNGUARDED_AVAILABILITY = YES_AGGRESSIVE;
				CLANG_WARN_UNREACHABLE_CODE = YES;
				CLANG_WARN__DUPLICATE_METHOD_MATCH = YES;
				COPY_PHASE_STRIP = NO;
				DEBUG_INFORMATION_FORMAT = "dwarf-with-dsym";
				ENABLE_NS_ASSERTIONS = NO;
				ENABLE_STRICT_OBJC_MSGSEND = YES;
				ENABLE_USER_SCRIPT_SANDBOXING = YES;
				GCC_C_LANGUAGE_STANDARD = gnu17;
				GCC_NO_COMMON_BLOCKS = YES;
				GCC_WARN_64_TO_32_BIT_CONVERSION = YES;
				GCC_WARN_ABOUT_RETURN_TYPE = YES_ERROR;
				GCC_WARN_UNDECLARED_SELECTOR = YES;
				GCC_WARN_UNINITIALIZED_AUTOS = YES_AGGRESSIVE;
				GCC_WARN_UNUSED_FUNCTION = YES;
				GCC_WARN_UNUSED_VARIABLE = YES;
				IPHONEOS_DEPLOYMENT_TARGET = 17.0;
				LOCALIZATION_PREFERS_STRING_CATALOGS = YES;
				MTL_ENABLE_DEBUG_INFO = NO;
				MTL_FAST_MATH = YES;
				SDKROOT = iphoneos;
				SWIFT_COMPILATION_MODE = wholemodule;
				VALIDATE_PRODUCT = YES;
			};
			name = Release;
		};
		127AF84E2ADA814500CC385D /* Debug */ = {
			isa = XCBuildConfiguration;
			buildSettings = {
				ASSETCATALOG_COMPILER_APPICON_NAME = AppIcon;
				ASSETCATALOG_COMPILER_GLOBAL_ACCENT_COLOR_NAME = AccentColor;
				CODE_SIGN_STYLE = Automatic;
				CURRENT_PROJECT_VERSION = 1;
				GENERATE_INFOPLIST_FILE = YES;
				INFOPLIST_FILE = hello/Info.plist;
				INFOPLIST_KEY_UIApplicationSupportsIndirectInputEvents = YES;
				INFOPLIST_KEY_UILaunchStoryboardName = LaunchScreen;
				INFOPLIST_KEY_UIMainStoryboardFile = Main;
				INFOPLIST_KEY_UISupportedInterfaceOrientations_iPad = "UIInterfaceOrientationPortrait UIInterfaceOrientationPortraitUpsideDown UIInterfaceOrientationLandscapeLeft UIInterfaceOrientationLandscapeRight";
				INFOPLIST_KEY_UISupportedInterfaceOrientations_iPhone = "UIInterfaceOrientationPortrait UIInterfaceOrientationLandscapeLeft UIInterfaceOrientationLandscapeRight";
				LD_RUNPATH_SEARCH_PATHS = (
					"$(inherited)",
					"@executable_path/Frameworks",
				);
				MARKETING_VERSION = 1.0;
				PRODUCT_BUNDLE_IDENTIFIER = arm.hello;
				PRODUCT_NAME = "$(TARGET_NAME)";
				SWIFT_EMIT_LOC_STRINGS = YES;
				SWIFT_VERSION = 5.0;
				TARGETED_DEVICE_FAMILY = "1,2";
			};
			name = Debug;
		};
		127AF84F2ADA814500CC385D /* Release */ = {
			isa = XCBuildConfiguration;
			buildSettings = {
				ASSETCATALOG_COMPILER_APPICON_NAME = AppIcon;
				ASSETCATALOG_COMPILER_GLOBAL_ACCENT_COLOR_NAME = AccentColor;
				CODE_SIGN_STYLE = Automatic;
				CURRENT_PROJECT_VERSION = 1;
				GENERATE_INFOPLIST_FILE = YES;
				INFOPLIST_FILE = hello/Info.plist;
				INFOPLIST_KEY_UIApplicationSupportsIndirectInputEvents = YES;
				INFOPLIST_KEY_UILaunchStoryboardName = LaunchScreen;
				INFOPLIST_KEY_UIMainStoryboardFile = Main;
				INFOPLIST_KEY_UISupportedInterfaceOrientations_iPad = "UIInterfaceOrientationPortrait UIInterfaceOrientationPortraitUpsideDown UIInterfaceOrientationLandscapeLeft UIInterfaceOrientationLandscapeRight";
				INFOPLIST_KEY_UISupportedInterfaceOrientations_iPhone = "UIInterfaceOrientationPortrait UIInterfaceOrientationLandscapeLeft UIInterfaceOrientationLandscapeRight";
				LD_RUNPATH_SEARCH_PATHS = (
					"$(inherited)",
					"@executable_path/Frameworks",
				);
				MARKETING_VERSION = 1.0;
				PRODUCT_BUNDLE_IDENTIFIER = arm.hello;
				PRODUCT_NAME = "$(TARGET_NAME)";
				SWIFT_EMIT_LOC_STRINGS = YES;
				SWIFT_VERSION = 5.0;
				TARGETED_DEVICE_FAMILY = "1,2";
			};
			name = Release;
		};
		127AF8512ADA814500CC385D /* Debug */ = {
			isa = XCBuildConfiguration;
			buildSettings = {
				ALWAYS_EMBED_SWIFT_STANDARD_LIBRARIES = YES;
				BUNDLE_LOADER = "$(TEST_HOST)";
				CODE_SIGN_STYLE = Automatic;
				CURRENT_PROJECT_VERSION = 1;
				GENERATE_INFOPLIST_FILE = YES;
				IPHONEOS_DEPLOYMENT_TARGET = 17.0;
				MARKETING_VERSION = 1.0;
				PRODUCT_BUNDLE_IDENTIFIER = arm.helloTests;
				PRODUCT_NAME = "$(TARGET_NAME)";
				SWIFT_EMIT_LOC_STRINGS = NO;
				SWIFT_VERSION = 5.0;
				TARGETED_DEVICE_FAMILY = "1,2";
				TEST_HOST = "$(BUILT_PRODUCTS_DIR)/hello.app/$(BUNDLE_EXECUTABLE_FOLDER_PATH)/hello";
			};
			name = Debug;
		};
		127AF8522ADA814500CC385D /* Release */ = {
			isa = XCBuildConfiguration;
			buildSettings = {
				ALWAYS_EMBED_SWIFT_STANDARD_LIBRARIES = YES;
				BUNDLE_LOADER = "$(TEST_HOST)";
				CODE_SIGN_STYLE = Automatic;
				CURRENT_PROJECT_VERSION = 1;
				GENERATE_INFOPLIST_FILE = YES;
				IPHONEOS_DEPLOYMENT_TARGET = 17.0;
				MARKETING_VERSION = 1.0;
				PRODUCT_BUNDLE_IDENTIFIER = arm.helloTests;
				PRODUCT_NAME = "$(TARGET_NAME)";
				SWIFT_EMIT_LOC_STRINGS = NO;
				SWIFT_VERSION = 5.0;
				TARGETED_DEVICE_FAMILY = "1,2";
				TEST_HOST = "$(BUILT_PRODUCTS_DIR)/hello.app/$(BUNDLE_EXECUTABLE_FOLDER_PATH)/hello";
			};
			name = Release;
		};
		127AF8542ADA814500CC385D /* Debug */ = {
			isa = XCBuildConfiguration;
			buildSettings = {
				ALWAYS_EMBED_SWIFT_STANDARD_LIBRARIES = YES;
				CODE_SIGN_STYLE = Automatic;
				CURRENT_PROJECT_VERSION = 1;
				GENERATE_INFOPLIST_FILE = YES;
				MARKETING_VERSION = 1.0;
				PRODUCT_BUNDLE_IDENTIFIER = arm.helloUITests;
				PRODUCT_NAME = "$(TARGET_NAME)";
				SWIFT_EMIT_LOC_STRINGS = NO;
				SWIFT_VERSION = 5.0;
				TARGETED_DEVICE_FAMILY = "1,2";
				TEST_TARGET_NAME = hello;
			};
			name = Debug;
		};
		127AF8552ADA814500CC385D /* Release */ = {
			isa = XCBuildConfiguration;
			buildSettings = {
				ALWAYS_EMBED_SWIFT_STANDARD_LIBRARIES = YES;
				CODE_SIGN_STYLE = Automatic;
				CURRENT_PROJECT_VERSION = 1;
				GENERATE_INFOPLIST_FILE = YES;
				MARKETING_VERSION = 1.0;
				PRODUCT_BUNDLE_IDENTIFIER = arm.helloUITests;
				PRODUCT_NAME = "$(TARGET_NAME)";
				SWIFT_EMIT_LOC_STRINGS = NO;
				SWIFT_VERSION = 5.0;
				TARGETED_DEVICE_FAMILY = "1,2";
				TEST_TARGET_NAME = hello;
			};
			name = Release;
		};
/* End XCBuildConfiguration section */

/* Begin XCConfigurationList section */
		127AF81E2ADA814400CC385D /* Build configuration list for PBXProject "hello" */ = {
			isa = XCConfigurationList;
			buildConfigurations = (
				127AF84B2ADA814500CC385D /* Debug */,
				127AF84C2ADA814500CC385D /* Release */,
			);
			defaultConfigurationIsVisible = 0;
			defaultConfigurationName = Release;
		};
		127AF84D2ADA814500CC385D /* Build configuration list for PBXNativeTarget "hello" */ = {
			isa = XCConfigurationList;
			buildConfigurations = (
				127AF84E2ADA814500CC385D /* Debug */,
				127AF84F2ADA814500CC385D /* Release */,
			);
			defaultConfigurationIsVisible = 0;
			defaultConfigurationName = Release;
		};
		127AF8502ADA814500CC385D /* Build configuration list for PBXNativeTarget "helloTests" */ = {
			isa = XCConfigurationList;
			buildConfigurations = (
				127AF8512ADA814500CC385D /* Debug */,
				127AF8522ADA814500CC385D /* Release */,
			);
			defaultConfigurationIsVisible = 0;
			defaultConfigurationName = Release;
		};
		127AF8532ADA814500CC385D /* Build configuration list for PBXNativeTarget "helloUITests" */ = {
			isa = XCConfigurationList;
			buildConfigurations = (
				127AF8542ADA814500CC385D /* Debug */,
				127AF8552ADA814500CC385D /* Release */,
			);
			defaultConfigurationIsVisible = 0;
			defaultConfigurationName = Release;
		};
/* End XCConfigurationList section */
	};
	rootObject = 127AF81B2ADA814400CC385D /* Project object */;
}
